// !$*UTF8*$!
{
	archiveVersion = 1;
	classes = {
	};
	objectVersion = 56;
	objects = {

/* Begin PBXBuildFile section */
		C3DA832B298FF04700FAF374 /* CoordinatorApp.swift in Sources */ = {isa = PBXBuildFile; fileRef = C3DA832A298FF04700FAF374 /* CoordinatorApp.swift */; };
		C3DA832D298FF04700FAF374 /* ContentView.swift in Sources */ = {isa = PBXBuildFile; fileRef = C3DA832C298FF04700FAF374 /* ContentView.swift */; };
		C3DA832F298FF04800FAF374 /* Assets.xcassets in Resources */ = {isa = PBXBuildFile; fileRef = C3DA832E298FF04800FAF374 /* Assets.xcassets */; };
		C3DA8332298FF04800FAF374 /* Preview Assets.xcassets in Resources */ = {isa = PBXBuildFile; fileRef = C3DA8331298FF04800FAF374 /* Preview Assets.xcassets */; };
		C3DA833C298FF04800FAF374 /* CoordinatorTests.swift in Sources */ = {isa = PBXBuildFile; fileRef = C3DA833B298FF04800FAF374 /* CoordinatorTests.swift */; };
		C3DA8346298FF04800FAF374 /* CoordinatorUITests.swift in Sources */ = {isa = PBXBuildFile; fileRef = C3DA8345298FF04800FAF374 /* CoordinatorUITests.swift */; };
		C3DA8348298FF04800FAF374 /* CoordinatorUITestsLaunchTests.swift in Sources */ = {isa = PBXBuildFile; fileRef = C3DA8347298FF04800FAF374 /* CoordinatorUITestsLaunchTests.swift */; };
/* End PBXBuildFile section */

/* Begin PBXContainerItemProxy section */
		C3DA8338298FF04800FAF374 /* PBXContainerItemProxy */ = {
			isa = PBXContainerItemProxy;
			containerPortal = C3DA831F298FF04700FAF374 /* Project object */;
			proxyType = 1;
			remoteGlobalIDString = C3DA8326298FF04700FAF374;
			remoteInfo = Coordinator;
		};
		C3DA8342298FF04800FAF374 /* PBXContainerItemProxy */ = {
			isa = PBXContainerItemProxy;
			containerPortal = C3DA831F298FF04700FAF374 /* Project object */;
			proxyType = 1;
			remoteGlobalIDString = C3DA8326298FF04700FAF374;
			remoteInfo = Coordinator;
		};
/* End PBXContainerItemProxy section */

/* Begin PBXFileReference section */
		C3DA8327298FF04700FAF374 /* Coordinator.app */ = {isa = PBXFileReference; explicitFileType = wrapper.application; includeInIndex = 0; path = Coordinator.app; sourceTree = BUILT_PRODUCTS_DIR; };
		C3DA832A298FF04700FAF374 /* CoordinatorApp.swift */ = {isa = PBXFileReference; lastKnownFileType = sourcecode.swift; path = CoordinatorApp.swift; sourceTree = "<group>"; };
		C3DA832C298FF04700FAF374 /* ContentView.swift */ = {isa = PBXFileReference; lastKnownFileType = sourcecode.swift; path = ContentView.swift; sourceTree = "<group>"; };
		C3DA832E298FF04800FAF374 /* Assets.xcassets */ = {isa = PBXFileReference; lastKnownFileType = folder.assetcatalog; path = Assets.xcassets; sourceTree = "<group>"; };
		C3DA8331298FF04800FAF374 /* Preview Assets.xcassets */ = {isa = PBXFileReference; lastKnownFileType = folder.assetcatalog; path = "Preview Assets.xcassets"; sourceTree = "<group>"; };
		C3DA8337298FF04800FAF374 /* CoordinatorTests.xctest */ = {isa = PBXFileReference; explicitFileType = wrapper.cfbundle; includeInIndex = 0; path = CoordinatorTests.xctest; sourceTree = BUILT_PRODUCTS_DIR; };
		C3DA833B298FF04800FAF374 /* CoordinatorTests.swift */ = {isa = PBXFileReference; lastKnownFileType = sourcecode.swift; path = CoordinatorTests.swift; sourceTree = "<group>"; };
		C3DA8341298FF04800FAF374 /* CoordinatorUITests.xctest */ = {isa = PBXFileReference; explicitFileType = wrapper.cfbundle; includeInIndex = 0; path = CoordinatorUITests.xctest; sourceTree = BUILT_PRODUCTS_DIR; };
		C3DA8345298FF04800FAF374 /* CoordinatorUITests.swift */ = {isa = PBXFileReference; lastKnownFileType = sourcecode.swift; path = CoordinatorUITests.swift; sourceTree = "<group>"; };
		C3DA8347298FF04800FAF374 /* CoordinatorUITestsLaunchTests.swift */ = {isa = PBXFileReference; lastKnownFileType = sourcecode.swift; path = CoordinatorUITestsLaunchTests.swift; sourceTree = "<group>"; };
/* End PBXFileReference section */

/* Begin PBXFrameworksBuildPhase section */
		C3DA8324298FF04700FAF374 /* Frameworks */ = {
			isa = PBXFrameworksBuildPhase;
			buildActionMask = 2147483647;
			files = (
			);
			runOnlyForDeploymentPostprocessing = 0;
		};
		C3DA8334298FF04800FAF374 /* Frameworks */ = {
			isa = PBXFrameworksBuildPhase;
			buildActionMask = 2147483647;
			files = (
			);
			runOnlyForDeploymentPostprocessing = 0;
		};
		C3DA833E298FF04800FAF374 /* Frameworks */ = {
			isa = PBXFrameworksBuildPhase;
			buildActionMask = 2147483647;
			files = (
			);
			runOnlyForDeploymentPostprocessing = 0;
		};
/* End PBXFrameworksBuildPhase section */

/* Begin PBXGroup section */
		C3DA831E298FF04700FAF374 = {
			isa = PBXGroup;
			children = (
				C3DA8329298FF04700FAF374 /* Coordinator */,
				C3DA833A298FF04800FAF374 /* CoordinatorTests */,
				C3DA8344298FF04800FAF374 /* CoordinatorUITests */,
				C3DA8328298FF04700FAF374 /* Products */,
			);
			sourceTree = "<group>";
		};
		C3DA8328298FF04700FAF374 /* Products */ = {
			isa = PBXGroup;
			children = (
				C3DA8327298FF04700FAF374 /* Coordinator.app */,
				C3DA8337298FF04800FAF374 /* CoordinatorTests.xctest */,
				C3DA8341298FF04800FAF374 /* CoordinatorUITests.xctest */,
			);
			name = Products;
			sourceTree = "<group>";
		};
		C3DA8329298FF04700FAF374 /* Coordinator */ = {
			isa = PBXGroup;
			children = (
				C3DA832A298FF04700FAF374 /* CoordinatorApp.swift */,
				C3DA832C298FF04700FAF374 /* ContentView.swift */,
				C3DA832E298FF04800FAF374 /* Assets.xcassets */,
				C3DA8330298FF04800FAF374 /* Preview Content */,
			);
			path = Coordinator;
			sourceTree = "<group>";
		};
		C3DA8330298FF04800FAF374 /* Preview Content */ = {
			isa = PBXGroup;
			children = (
				C3DA8331298FF04800FAF374 /* Preview Assets.xcassets */,
			);
			path = "Preview Content";
			sourceTree = "<group>";
		};
		C3DA833A298FF04800FAF374 /* CoordinatorTests */ = {
			isa = PBXGroup;
			children = (
				C3DA833B298FF04800FAF374 /* CoordinatorTests.swift */,
			);
			path = CoordinatorTests;
			sourceTree = "<group>";
		};
		C3DA8344298FF04800FAF374 /* CoordinatorUITests */ = {
			isa = PBXGroup;
			children = (
				C3DA8345298FF04800FAF374 /* CoordinatorUITests.swift */,
				C3DA8347298FF04800FAF374 /* CoordinatorUITestsLaunchTests.swift */,
			);
			path = CoordinatorUITests;
			sourceTree = "<group>";
		};
/* End PBXGroup section */

/* Begin PBXNativeTarget section */
		C3DA8326298FF04700FAF374 /* Coordinator */ = {
			isa = PBXNativeTarget;
			buildConfigurationList = C3DA834B298FF04800FAF374 /* Build configuration list for PBXNativeTarget "Coordinator" */;
			buildPhases = (
				C3DA8323298FF04700FAF374 /* Sources */,
				C3DA8324298FF04700FAF374 /* Frameworks */,
				C3DA8325298FF04700FAF374 /* Resources */,
			);
			buildRules = (
			);
			dependencies = (
			);
			name = Coordinator;
			productName = Coordinator;
			productReference = C3DA8327298FF04700FAF374 /* Coordinator.app */;
			productType = "com.apple.product-type.application";
		};
		C3DA8336298FF04800FAF374 /* CoordinatorTests */ = {
			isa = PBXNativeTarget;
			buildConfigurationList = C3DA834E298FF04800FAF374 /* Build configuration list for PBXNativeTarget "CoordinatorTests" */;
			buildPhases = (
				C3DA8333298FF04800FAF374 /* Sources */,
				C3DA8334298FF04800FAF374 /* Frameworks */,
				C3DA8335298FF04800FAF374 /* Resources */,
			);
			buildRules = (
			);
			dependencies = (
				C3DA8339298FF04800FAF374 /* PBXTargetDependency */,
			);
			name = CoordinatorTests;
			productName = CoordinatorTests;
			productReference = C3DA8337298FF04800FAF374 /* CoordinatorTests.xctest */;
			productType = "com.apple.product-type.bundle.unit-test";
		};
		C3DA8340298FF04800FAF374 /* CoordinatorUITests */ = {
			isa = PBXNativeTarget;
			buildConfigurationList = C3DA8351298FF04800FAF374 /* Build configuration list for PBXNativeTarget "CoordinatorUITests" */;
			buildPhases = (
				C3DA833D298FF04800FAF374 /* Sources */,
				C3DA833E298FF04800FAF374 /* Frameworks */,
				C3DA833F298FF04800FAF374 /* Resources */,
			);
			buildRules = (
			);
			dependencies = (
				C3DA8343298FF04800FAF374 /* PBXTargetDependency */,
			);
			name = CoordinatorUITests;
			productName = CoordinatorUITests;
			productReference = C3DA8341298FF04800FAF374 /* CoordinatorUITests.xctest */;
			productType = "com.apple.product-type.bundle.ui-testing";
		};
/* End PBXNativeTarget section */

/* Begin PBXProject section */
		C3DA831F298FF04700FAF374 /* Project object */ = {
			isa = PBXProject;
			attributes = {
				BuildIndependentTargetsInParallel = 1;
				LastSwiftUpdateCheck = 1420;
				LastUpgradeCheck = 1420;
				TargetAttributes = {
					C3DA8326298FF04700FAF374 = {
						CreatedOnToolsVersion = 14.2;
					};
					C3DA8336298FF04800FAF374 = {
						CreatedOnToolsVersion = 14.2;
						TestTargetID = C3DA8326298FF04700FAF374;
					};
					C3DA8340298FF04800FAF374 = {
						CreatedOnToolsVersion = 14.2;
						TestTargetID = C3DA8326298FF04700FAF374;
					};
				};
			};
			buildConfigurationList = C3DA8322298FF04700FAF374 /* Build configuration list for PBXProject "Coordinator" */;
			compatibilityVersion = "Xcode 14.0";
			developmentRegion = en;
			hasScannedForEncodings = 0;
			knownRegions = (
				en,
				Base,
			);
			mainGroup = C3DA831E298FF04700FAF374;
			productRefGroup = C3DA8328298FF04700FAF374 /* Products */;
			projectDirPath = "";
			projectRoot = "";
			targets = (
				C3DA8326298FF04700FAF374 /* Coordinator */,
				C3DA8336298FF04800FAF374 /* CoordinatorTests */,
				C3DA8340298FF04800FAF374 /* CoordinatorUITests */,
			);
		};
/* End PBXProject section */

/* Begin PBXResourcesBuildPhase section */
		C3DA8325298FF04700FAF374 /* Resources */ = {
			isa = PBXResourcesBuildPhase;
			buildActionMask = 2147483647;
			files = (
				C3DA8332298FF04800FAF374 /* Preview Assets.xcassets in Resources */,
				C3DA832F298FF04800FAF374 /* Assets.xcassets in Resources */,
			);
			runOnlyForDeploymentPostprocessing = 0;
		};
		C3DA8335298FF04800FAF374 /* Resources */ = {
			isa = PBXResourcesBuildPhase;
			buildActionMask = 2147483647;
			files = (
			);
			runOnlyForDeploymentPostprocessing = 0;
		};
		C3DA833F298FF04800FAF374 /* Resources */ = {
			isa = PBXResourcesBuildPhase;
			buildActionMask = 2147483647;
			files = (
			);
			runOnlyForDeploymentPostprocessing = 0;
		};
/* End PBXResourcesBuildPhase section */

/* Begin PBXSourcesBuildPhase section */
		C3DA8323298FF04700FAF374 /* Sources */ = {
			isa = PBXSourcesBuildPhase;
			buildActionMask = 2147483647;
			files = (
				C3DA832D298FF04700FAF374 /* ContentView.swift in Sources */,
				C3DA832B298FF04700FAF374 /* CoordinatorApp.swift in Sources */,
			);
			runOnlyForDeploymentPostprocessing = 0;
		};
		C3DA8333298FF04800FAF374 /* Sources */ = {
			isa = PBXSourcesBuildPhase;
			buildActionMask = 2147483647;
			files = (
				C3DA833C298FF04800FAF374 /* CoordinatorTests.swift in Sources */,
			);
			runOnlyForDeploymentPostprocessing = 0;
		};
		C3DA833D298FF04800FAF374 /* Sources */ = {
			isa = PBXSourcesBuildPhase;
			buildActionMask = 2147483647;
			files = (
				C3DA8346298FF04800FAF374 /* CoordinatorUITests.swift in Sources */,
				C3DA8348298FF04800FAF374 /* CoordinatorUITestsLaunchTests.swift in Sources */,
			);
			runOnlyForDeploymentPostprocessing = 0;
		};
/* End PBXSourcesBuildPhase section */

/* Begin PBXTargetDependency section */
		C3DA8339298FF04800FAF374 /* PBXTargetDependency */ = {
			isa = PBXTargetDependency;
			target = C3DA8326298FF04700FAF374 /* Coordinator */;
			targetProxy = C3DA8338298FF04800FAF374 /* PBXContainerItemProxy */;
		};
		C3DA8343298FF04800FAF374 /* PBXTargetDependency */ = {
			isa = PBXTargetDependency;
			target = C3DA8326298FF04700FAF374 /* Coordinator */;
			targetProxy = C3DA8342298FF04800FAF374 /* PBXContainerItemProxy */;
		};
/* End PBXTargetDependency section */

/* Begin XCBuildConfiguration section */
		C3DA8349298FF04800FAF374 /* Debug */ = {
			isa = XCBuildConfiguration;
			buildSettings = {
				ALWAYS_SEARCH_USER_PATHS = NO;
				CLANG_ANALYZER_NONNULL = YES;
				CLANG_ANALYZER_NUMBER_OBJECT_CONVERSION = YES_AGGRESSIVE;
				CLANG_CXX_LANGUAGE_STANDARD = "gnu++20";
				CLANG_ENABLE_MODULES = YES;
				CLANG_ENABLE_OBJC_ARC = YES;
				CLANG_ENABLE_OBJC_WEAK = YES;
				CLANG_WARN_BLOCK_CAPTURE_AUTORELEASING = YES;
				CLANG_WARN_BOOL_CONVERSION = YES;
				CLANG_WARN_COMMA = YES;
				CLANG_WARN_CONSTANT_CONVERSION = YES;
				CLANG_WARN_DEPRECATED_OBJC_IMPLEMENTATIONS = YES;
				CLANG_WARN_DIRECT_OBJC_ISA_USAGE = YES_ERROR;
				CLANG_WARN_DOCUMENTATION_COMMENTS = YES;
				CLANG_WARN_EMPTY_BODY = YES;
				CLANG_WARN_ENUM_CONVERSION = YES;
				CLANG_WARN_INFINITE_RECURSION = YES;
				CLANG_WARN_INT_CONVERSION = YES;
				CLANG_WARN_NON_LITERAL_NULL_CONVERSION = YES;
				CLANG_WARN_OBJC_IMPLICIT_RETAIN_SELF = YES;
				CLANG_WARN_OBJC_LITERAL_CONVERSION = YES;
				CLANG_WARN_OBJC_ROOT_CLASS = YES_ERROR;
				CLANG_WARN_QUOTED_INCLUDE_IN_FRAMEWORK_HEADER = YES;
				CLANG_WARN_RANGE_LOOP_ANALYSIS = YES;
				CLANG_WARN_STRICT_PROTOTYPES = YES;
				CLANG_WARN_SUSPICIOUS_MOVE = YES;
				CLANG_WARN_UNGUARDED_AVAILABILITY = YES_AGGRESSIVE;
				CLANG_WARN_UNREACHABLE_CODE = YES;
				CLANG_WARN__DUPLICATE_METHOD_MATCH = YES;
				COPY_PHASE_STRIP = NO;
				DEBUG_INFORMATION_FORMAT = dwarf;
				ENABLE_STRICT_OBJC_MSGSEND = YES;
				ENABLE_TESTABILITY = YES;
				GCC_C_LANGUAGE_STANDARD = gnu11;
				GCC_DYNAMIC_NO_PIC = NO;
				GCC_NO_COMMON_BLOCKS = YES;
				GCC_OPTIMIZATION_LEVEL = 0;
				GCC_PREPROCESSOR_DEFINITIONS = (
					"DEBUG=1",
					"$(inherited)",
				);
				GCC_WARN_64_TO_32_BIT_CONVERSION = YES;
				GCC_WARN_ABOUT_RETURN_TYPE = YES_ERROR;
				GCC_WARN_UNDECLARED_SELECTOR = YES;
				GCC_WARN_UNINITIALIZED_AUTOS = YES_AGGRESSIVE;
				GCC_WARN_UNUSED_FUNCTION = YES;
				GCC_WARN_UNUSED_VARIABLE = YES;
				IPHONEOS_DEPLOYMENT_TARGET = 16.2;
				MTL_ENABLE_DEBUG_INFO = INCLUDE_SOURCE;
				MTL_FAST_MATH = YES;
				ONLY_ACTIVE_ARCH = YES;
				SDKROOT = iphoneos;
				SWIFT_ACTIVE_COMPILATION_CONDITIONS = DEBUG;
				SWIFT_OPTIMIZATION_LEVEL = "-Onone";
			};
			name = Debug;
		};
		C3DA834A298FF04800FAF374 /* Release */ = {
			isa = XCBuildConfiguration;
			buildSettings = {
				ALWAYS_SEARCH_USER_PATHS = NO;
				CLANG_ANALYZER_NONNULL = YES;
				CLANG_ANALYZER_NUMBER_OBJECT_CONVERSION = YES_AGGRESSIVE;
				CLANG_CXX_LANGUAGE_STANDARD = "gnu++20";
				CLANG_ENABLE_MODULES = YES;
				CLANG_ENABLE_OBJC_ARC = YES;
				CLANG_ENABLE_OBJC_WEAK = YES;
				CLANG_WARN_BLOCK_CAPTURE_AUTORELEASING = YES;
				CLANG_WARN_BOOL_CONVERSION = YES;
				CLANG_WARN_COMMA = YES;
				CLANG_WARN_CONSTANT_CONVERSION = YES;
				CLANG_WARN_DEPRECATED_OBJC_IMPLEMENTATIONS = YES;
				CLANG_WARN_DIRECT_OBJC_ISA_USAGE = YES_ERROR;
				CLANG_WARN_DOCUMENTATION_COMMENTS = YES;
				CLANG_WARN_EMPTY_BODY = YES;
				CLANG_WARN_ENUM_CONVERSION = YES;
				CLANG_WARN_INFINITE_RECURSION = YES;
				CLANG_WARN_INT_CONVERSION = YES;
				CLANG_WARN_NON_LITERAL_NULL_CONVERSION = YES;
				CLANG_WARN_OBJC_IMPLICIT_RETAIN_SELF = YES;
				CLANG_WARN_OBJC_LITERAL_CONVERSION = YES;
				CLANG_WARN_OBJC_ROOT_CLASS = YES_ERROR;
				CLANG_WARN_QUOTED_INCLUDE_IN_FRAMEWORK_HEADER = YES;
				CLANG_WARN_RANGE_LOOP_ANALYSIS = YES;
				CLANG_WARN_STRICT_PROTOTYPES = YES;
				CLANG_WARN_SUSPICIOUS_MOVE = YES;
				CLANG_WARN_UNGUARDED_AVAILABILITY = YES_AGGRESSIVE;
				CLANG_WARN_UNREACHABLE_CODE = YES;
				CLANG_WARN__DUPLICATE_METHOD_MATCH = YES;
				COPY_PHASE_STRIP = NO;
				DEBUG_INFORMATION_FORMAT = "dwarf-with-dsym";
				ENABLE_NS_ASSERTIONS = NO;
				ENABLE_STRICT_OBJC_MSGSEND = YES;
				GCC_C_LANGUAGE_STANDARD = gnu11;
				GCC_NO_COMMON_BLOCKS = YES;
				GCC_WARN_64_TO_32_BIT_CONVERSION = YES;
				GCC_WARN_ABOUT_RETURN_TYPE = YES_ERROR;
				GCC_WARN_UNDECLARED_SELECTOR = YES;
				GCC_WARN_UNINITIALIZED_AUTOS = YES_AGGRESSIVE;
				GCC_WARN_UNUSED_FUNCTION = YES;
				GCC_WARN_UNUSED_VARIABLE = YES;
				IPHONEOS_DEPLOYMENT_TARGET = 16.2;
				MTL_ENABLE_DEBUG_INFO = NO;
				MTL_FAST_MATH = YES;
				SDKROOT = iphoneos;
				SWIFT_COMPILATION_MODE = wholemodule;
				SWIFT_OPTIMIZATION_LEVEL = "-O";
				VALIDATE_PRODUCT = YES;
			};
			name = Release;
		};
		C3DA834C298FF04800FAF374 /* Debug */ = {
			isa = XCBuildConfiguration;
			buildSettings = {
				ASSETCATALOG_COMPILER_APPICON_NAME = AppIcon;
				ASSETCATALOG_COMPILER_GLOBAL_ACCENT_COLOR_NAME = AccentColor;
				CODE_SIGN_STYLE = Automatic;
				CURRENT_PROJECT_VERSION = 1;
				DEVELOPMENT_ASSET_PATHS = "\"Coordinator/Preview Content\"";
				DEVELOPMENT_TEAM = B637BE2R39;
				ENABLE_PREVIEWS = YES;
				GENERATE_INFOPLIST_FILE = YES;
				INFOPLIST_KEY_UIApplicationSceneManifest_Generation = YES;
				INFOPLIST_KEY_UIApplicationSupportsIndirectInputEvents = YES;
				INFOPLIST_KEY_UILaunchScreen_Generation = YES;
				INFOPLIST_KEY_UISupportedInterfaceOrientations_iPad = "UIInterfaceOrientationPortrait UIInterfaceOrientationPortraitUpsideDown UIInterfaceOrientationLandscapeLeft UIInterfaceOrientationLandscapeRight";
				INFOPLIST_KEY_UISupportedInterfaceOrientations_iPhone = "UIInterfaceOrientationPortrait UIInterfaceOrientationLandscapeLeft UIInterfaceOrientationLandscapeRight";
				LD_RUNPATH_SEARCH_PATHS = (
					"$(inherited)",
					"@executable_path/Frameworks",
				);
				MARKETING_VERSION = 1.0;
				PRODUCT_BUNDLE_IDENTIFIER = com.woqomoqo.Coordinator;
				PRODUCT_NAME = "$(TARGET_NAME)";
				SWIFT_EMIT_LOC_STRINGS = YES;
				SWIFT_VERSION = 5.0;
				TARGETED_DEVICE_FAMILY = "1,2";
			};
			name = Debug;
		};
		C3DA834D298FF04800FAF374 /* Release */ = {
			isa = XCBuildConfiguration;
			buildSettings = {
				ASSETCATALOG_COMPILER_APPICON_NAME = AppIcon;
				ASSETCATALOG_COMPILER_GLOBAL_ACCENT_COLOR_NAME = AccentColor;
				CODE_SIGN_STYLE = Automatic;
				CURRENT_PROJECT_VERSION = 1;
				DEVELOPMENT_ASSET_PATHS = "\"Coordinator/Preview Content\"";
				DEVELOPMENT_TEAM = B637BE2R39;
				ENABLE_PREVIEWS = YES;
				GENERATE_INFOPLIST_FILE = YES;
				INFOPLIST_KEY_UIApplicationSceneManifest_Generation = YES;
				INFOPLIST_KEY_UIApplicationSupportsIndirectInputEvents = YES;
				INFOPLIST_KEY_UILaunchScreen_Generation = YES;
				INFOPLIST_KEY_UISupportedInterfaceOrientations_iPad = "UIInterfaceOrientationPortrait UIInterfaceOrientationPortraitUpsideDown UIInterfaceOrientationLandscapeLeft UIInterfaceOrientationLandscapeRight";
				INFOPLIST_KEY_UISupportedInterfaceOrientations_iPhone = "UIInterfaceOrientationPortrait UIInterfaceOrientationLandscapeLeft UIInterfaceOrientationLandscapeRight";
				LD_RUNPATH_SEARCH_PATHS = (
					"$(inherited)",
					"@executable_path/Frameworks",
				);
				MARKETING_VERSION = 1.0;
				PRODUCT_BUNDLE_IDENTIFIER = com.woqomoqo.Coordinator;
				PRODUCT_NAME = "$(TARGET_NAME)";
				SWIFT_EMIT_LOC_STRINGS = YES;
				SWIFT_VERSION = 5.0;
				TARGETED_DEVICE_FAMILY = "1,2";
			};
			name = Release;
		};
		C3DA834F298FF04800FAF374 /* Debug */ = {
			isa = XCBuildConfiguration;
			buildSettings = {
				ALWAYS_EMBED_SWIFT_STANDARD_LIBRARIES = YES;
				BUNDLE_LOADER = "$(TEST_HOST)";
				CODE_SIGN_STYLE = Automatic;
				CURRENT_PROJECT_VERSION = 1;
				DEVELOPMENT_TEAM = B637BE2R39;
				GENERATE_INFOPLIST_FILE = YES;
				IPHONEOS_DEPLOYMENT_TARGET = 16.2;
				MARKETING_VERSION = 1.0;
				PRODUCT_BUNDLE_IDENTIFIER = com.woqomoqo.CoordinatorTests;
				PRODUCT_NAME = "$(TARGET_NAME)";
				SWIFT_EMIT_LOC_STRINGS = NO;
				SWIFT_VERSION = 5.0;
				TARGETED_DEVICE_FAMILY = "1,2";
				TEST_HOST = "$(BUILT_PRODUCTS_DIR)/Coordinator.app/$(BUNDLE_EXECUTABLE_FOLDER_PATH)/Coordinator";
			};
			name = Debug;
		};
		C3DA8350298FF04800FAF374 /* Release */ = {
			isa = XCBuildConfiguration;
			buildSettings = {
				ALWAYS_EMBED_SWIFT_STANDARD_LIBRARIES = YES;
				BUNDLE_LOADER = "$(TEST_HOST)";
				CODE_SIGN_STYLE = Automatic;
				CURRENT_PROJECT_VERSION = 1;
				DEVELOPMENT_TEAM = B637BE2R39;
				GENERATE_INFOPLIST_FILE = YES;
				IPHONEOS_DEPLOYMENT_TARGET = 16.2;
				MARKETING_VERSION = 1.0;
				PRODUCT_BUNDLE_IDENTIFIER = com.woqomoqo.CoordinatorTests;
				PRODUCT_NAME = "$(TARGET_NAME)";
				SWIFT_EMIT_LOC_STRINGS = NO;
				SWIFT_VERSION = 5.0;
				TARGETED_DEVICE_FAMILY = "1,2";
				TEST_HOST = "$(BUILT_PRODUCTS_DIR)/Coordinator.app/$(BUNDLE_EXECUTABLE_FOLDER_PATH)/Coordinator";
			};
			name = Release;
		};
		C3DA8352298FF04800FAF374 /* Debug */ = {
			isa = XCBuildConfiguration;
			buildSettings = {
				ALWAYS_EMBED_SWIFT_STANDARD_LIBRARIES = YES;
				CODE_SIGN_STYLE = Automatic;
				CURRENT_PROJECT_VERSION = 1;
				DEVELOPMENT_TEAM = B637BE2R39;
				GENERATE_INFOPLIST_FILE = YES;
				MARKETING_VERSION = 1.0;
				PRODUCT_BUNDLE_IDENTIFIER = com.woqomoqo.CoordinatorUITests;
				PRODUCT_NAME = "$(TARGET_NAME)";
				SWIFT_EMIT_LOC_STRINGS = NO;
				SWIFT_VERSION = 5.0;
				TARGETED_DEVICE_FAMILY = "1,2";
				TEST_TARGET_NAME = Coordinator;
			};
			name = Debug;
		};
		C3DA8353298FF04800FAF374 /* Release */ = {
			isa = XCBuildConfiguration;
			buildSettings = {
				ALWAYS_EMBED_SWIFT_STANDARD_LIBRARIES = YES;
				CODE_SIGN_STYLE = Automatic;
				CURRENT_PROJECT_VERSION = 1;
				DEVELOPMENT_TEAM = B637BE2R39;
				GENERATE_INFOPLIST_FILE = YES;
				MARKETING_VERSION = 1.0;
				PRODUCT_BUNDLE_IDENTIFIER = com.woqomoqo.CoordinatorUITests;
				PRODUCT_NAME = "$(TARGET_NAME)";
				SWIFT_EMIT_LOC_STRINGS = NO;
				SWIFT_VERSION = 5.0;
				TARGETED_DEVICE_FAMILY = "1,2";
				TEST_TARGET_NAME = Coordinator;
			};
			name = Release;
		};
/* End XCBuildConfiguration section */

/* Begin XCConfigurationList section */
		C3DA8322298FF04700FAF374 /* Build configuration list for PBXProject "Coordinator" */ = {
			isa = XCConfigurationList;
			buildConfigurations = (
				C3DA8349298FF04800FAF374 /* Debug */,
				C3DA834A298FF04800FAF374 /* Release */,
			);
			defaultConfigurationIsVisible = 0;
			defaultConfigurationName = Release;
		};
		C3DA834B298FF04800FAF374 /* Build configuration list for PBXNativeTarget "Coordinator" */ = {
			isa = XCConfigurationList;
			buildConfigurations = (
				C3DA834C298FF04800FAF374 /* Debug */,
				C3DA834D298FF04800FAF374 /* Release */,
			);
			defaultConfigurationIsVisible = 0;
			defaultConfigurationName = Release;
		};
		C3DA834E298FF04800FAF374 /* Build configuration list for PBXNativeTarget "CoordinatorTests" */ = {
			isa = XCConfigurationList;
			buildConfigurations = (
				C3DA834F298FF04800FAF374 /* Debug */,
				C3DA8350298FF04800FAF374 /* Release */,
			);
			defaultConfigurationIsVisible = 0;
			defaultConfigurationName = Release;
		};
		C3DA8351298FF04800FAF374 /* Build configuration list for PBXNativeTarget "CoordinatorUITests" */ = {
			isa = XCConfigurationList;
			buildConfigurations = (
				C3DA8352298FF04800FAF374 /* Debug */,
				C3DA8353298FF04800FAF374 /* Release */,
			);
			defaultConfigurationIsVisible = 0;
			defaultConfigurationName = Release;
		};
/* End XCConfigurationList section */
	};
	rootObject = C3DA831F298FF04700FAF374 /* Project object */;
}
